
Microsoft Visual Studio Solution File, Format Version 12.00
# Visual Studio Version 16
VisualStudioVersion = 16.0.32630.194
MinimumVisualStudioVersion = 10.0.40219.1
Project("{FAE04EC0-301F-11D3-BF4B-00C04F79EFBC}") = "WpfANotifyIconCustom", "WpfANotifyIconCustom\WpfANotifyIconCustom.csproj", "{48B4D492-D0F1-4A99-93B3-C5D4B5341C1E}"
EndProject
Project("{FAE04EC0-301F-11D3-BF4B-00C04F79EFBC}") = "UtilsLib", "UtilsLib\UtilsLib.csproj", "{FDF6C1BD-FA70-421E-BFD6-A4379594D5CE}"
EndProject
Global
	GlobalSection(SolutionConfigurationPlatforms) = preSolution
		Debug|Any CPU = Debug|Any CPU
		Release|Any CPU = Release|Any CPU
	EndGlobalSection
	GlobalSection(ProjectConfigurationPlatforms) = postSolution
		{48B4D492-D0F1-4A99-93B3-C5D4B5341C1E}.Debug|Any CPU.ActiveCfg = Debug|Any CPU
		{48B4D492-D0F1-4A99-93B3-C5D4B5341C1E}.Debug|Any CPU.Build.0 = Debug|Any CPU
		{48B4D492-D0F1-4A99-93B3-C5D4B5341C1E}.Release|Any CPU.ActiveCfg = Release|Any CPU
		{48B4D492-D0F1-4A99-93B3-C5D4B5341C1E}.Release|Any CPU.Build.0 = Release|Any CPU
		{FDF6C1BD-FA70-421E-BFD6-A4379594D5CE}.Debug|Any CPU.ActiveCfg = Debug|Any CPU
		{FDF6C1BD-FA70-421E-BFD6-A4379594D5CE}.Debug|Any CPU.Build.0 = Debug|Any CPU
		{FDF6C1BD-FA70-421E-BFD6-A4379594D5CE}.Release|Any CPU.ActiveCfg = Release|Any CPU
		{FDF6C1BD-FA70-421E-BFD6-A4379594D5CE}.Release|Any CPU.Build.0 = Release|Any CPU
	EndGlobalSection
	GlobalSection(SolutionProperties) = preSolution
		HideSolutionNode = FALSE
	EndGlobalSection
	GlobalSection(ExtensibilityGlobals) = postSolution
		SolutionGuid = {78D238C6-AFBA-4426-A61C-B2D8827EE687}
	EndGlobalSection
EndGlobal
